
Microsoft Visual Studio Solution File, Format Version 12.00
# Visual Studio 14
VisualStudioVersion = 14.0.24720.0
MinimumVisualStudioVersion = 10.0.40219.1
Project("{FAE04EC0-301F-11D3-BF4B-00C04F79EFBC}") = "Zaj01", "Zaj01\Zaj01.csproj", "{1D38A949-07D5-42BE-A2E7-97252B1D281F}"
EndProject
Project("{FAE04EC0-301F-11D3-BF4B-00C04F79EFBC}") = "Zajecia02", "Zajecia02\Zajecia02.csproj", "{2E4DA62B-FF4B-48F0-B013-C54FE337CBC6}"
EndProject
Project("{FAE04EC0-301F-11D3-BF4B-00C04F79EFBC}") = "Zajecia03", "Zajecia3\Zajecia03.csproj", "{F6484EA5-6DFF-4945-B5E8-041BBD5D1013}"
EndProject
Project("{FAE04EC0-301F-11D3-BF4B-00C04F79EFBC}") = "Zajecia04", "Zajecia04\Zajecia04.csproj", "{82B9BF88-ACED-457E-87E3-7590466B7A48}"
EndProject
Project("{2150E333-8FDC-42A3-9474-1A3956D46DE8}") = "Events", "Events", "{BECCB611-C943-45DD-BD66-726B7FAF0773}"
EndProject
Project("{FAE04EC0-301F-11D3-BF4B-00C04F79EFBC}") = "Events.Dal", "Events.Dal\Events.Dal.csproj", "{09499C33-D59D-4DD1-B2C8-ED8B83DA6728}"
EndProject
Project("{FAE04EC0-301F-11D3-BF4B-00C04F79EFBC}") = "Events.Console", "Events.Console\Events.Console.csproj", "{4A4CE94C-9F93-4F5C-81F1-445137B7DF11}"
EndProject
Project("{FAE04EC0-301F-11D3-BF4B-00C04F79EFBC}") = "BankCS", "BankCS\BankCS.csproj", "{4DF24072-3511-4DA7-97AC-04788FFAD4E8}"
EndProject
Project("{FAE04EC0-301F-11D3-BF4B-00C04F79EFBC}") = "Events.Winforms", "Events.Winforms\Events.Winforms.csproj", "{EC5C0DB1-6051-4F99-9706-6AA34A0B0A72}"
EndProject
Global
	GlobalSection(SolutionConfigurationPlatforms) = preSolution
		Debug|Any CPU = Debug|Any CPU
		Debug|x64 = Debug|x64
		Debug|x86 = Debug|x86
		Release|Any CPU = Release|Any CPU
		Release|x64 = Release|x64
		Release|x86 = Release|x86
	EndGlobalSection
	GlobalSection(ProjectConfigurationPlatforms) = postSolution
		{1D38A949-07D5-42BE-A2E7-97252B1D281F}.Debug|Any CPU.ActiveCfg = Debug|Any CPU
		{1D38A949-07D5-42BE-A2E7-97252B1D281F}.Debug|Any CPU.Build.0 = Debug|Any CPU
		{1D38A949-07D5-42BE-A2E7-97252B1D281F}.Debug|x64.ActiveCfg = Debug|Any CPU
		{1D38A949-07D5-42BE-A2E7-97252B1D281F}.Debug|x64.Build.0 = Debug|Any CPU
		{1D38A949-07D5-42BE-A2E7-97252B1D281F}.Debug|x86.ActiveCfg = Debug|Any CPU
		{1D38A949-07D5-42BE-A2E7-97252B1D281F}.Debug|x86.Build.0 = Debug|Any CPU
		{1D38A949-07D5-42BE-A2E7-97252B1D281F}.Release|Any CPU.ActiveCfg = Release|Any CPU
		{1D38A949-07D5-42BE-A2E7-97252B1D281F}.Release|Any CPU.Build.0 = Release|Any CPU
		{1D38A949-07D5-42BE-A2E7-97252B1D281F}.Release|x64.ActiveCfg = Release|Any CPU
		{1D38A949-07D5-42BE-A2E7-97252B1D281F}.Release|x64.Build.0 = Release|Any CPU
		{1D38A949-07D5-42BE-A2E7-97252B1D281F}.Release|x86.ActiveCfg = Release|Any CPU
		{1D38A949-07D5-42BE-A2E7-97252B1D281F}.Release|x86.Build.0 = Release|Any CPU
		{2E4DA62B-FF4B-48F0-B013-C54FE337CBC6}.Debug|Any CPU.ActiveCfg = Debug|Any CPU
		{2E4DA62B-FF4B-48F0-B013-C54FE337CBC6}.Debug|Any CPU.Build.0 = Debug|Any CPU
		{2E4DA62B-FF4B-48F0-B013-C54FE337CBC6}.Debug|x64.ActiveCfg = Debug|Any CPU
		{2E4DA62B-FF4B-48F0-B013-C54FE337CBC6}.Debug|x64.Build.0 = Debug|Any CPU
		{2E4DA62B-FF4B-48F0-B013-C54FE337CBC6}.Debug|x86.ActiveCfg = Debug|Any CPU
		{2E4DA62B-FF4B-48F0-B013-C54FE337CBC6}.Debug|x86.Build.0 = Debug|Any CPU
		{2E4DA62B-FF4B-48F0-B013-C54FE337CBC6}.Release|Any CPU.ActiveCfg = Release|Any CPU
		{2E4DA62B-FF4B-48F0-B013-C54FE337CBC6}.Release|Any CPU.Build.0 = Release|Any CPU
		{2E4DA62B-FF4B-48F0-B013-C54FE337CBC6}.Release|x64.ActiveCfg = Release|Any CPU
		{2E4DA62B-FF4B-48F0-B013-C54FE337CBC6}.Release|x64.Build.0 = Release|Any CPU
		{2E4DA62B-FF4B-48F0-B013-C54FE337CBC6}.Release|x86.ActiveCfg = Release|Any CPU
		{2E4DA62B-FF4B-48F0-B013-C54FE337CBC6}.Release|x86.Build.0 = Release|Any CPU
		{F6484EA5-6DFF-4945-B5E8-041BBD5D1013}.Debug|Any CPU.ActiveCfg = Debug|Any CPU
		{F6484EA5-6DFF-4945-B5E8-041BBD5D1013}.Debug|Any CPU.Build.0 = Debug|Any CPU
		{F6484EA5-6DFF-4945-B5E8-041BBD5D1013}.Debug|x64.ActiveCfg = Debug|Any CPU
		{F6484EA5-6DFF-4945-B5E8-041BBD5D1013}.Debug|x64.Build.0 = Debug|Any CPU
		{F6484EA5-6DFF-4945-B5E8-041BBD5D1013}.Debug|x86.ActiveCfg = Debug|Any CPU
		{F6484EA5-6DFF-4945-B5E8-041BBD5D1013}.Debug|x86.Build.0 = Debug|Any CPU
		{F6484EA5-6DFF-4945-B5E8-041BBD5D1013}.Release|Any CPU.ActiveCfg = Release|Any CPU
		{F6484EA5-6DFF-4945-B5E8-041BBD5D1013}.Release|Any CPU.Build.0 = Release|Any CPU
		{F6484EA5-6DFF-4945-B5E8-041BBD5D1013}.Release|x64.ActiveCfg = Release|Any CPU
		{F6484EA5-6DFF-4945-B5E8-041BBD5D1013}.Release|x64.Build.0 = Release|Any CPU
		{F6484EA5-6DFF-4945-B5E8-041BBD5D1013}.Release|x86.ActiveCfg = Release|Any CPU
		{F6484EA5-6DFF-4945-B5E8-041BBD5D1013}.Release|x86.Build.0 = Release|Any CPU
		{82B9BF88-ACED-457E-87E3-7590466B7A48}.Debug|Any CPU.ActiveCfg = Debug|Any CPU
		{82B9BF88-ACED-457E-87E3-7590466B7A48}.Debug|Any CPU.Build.0 = Debug|Any CPU
		{82B9BF88-ACED-457E-87E3-7590466B7A48}.Debug|x64.ActiveCfg = Debug|Any CPU
		{82B9BF88-ACED-457E-87E3-7590466B7A48}.Debug|x64.Build.0 = Debug|Any CPU
		{82B9BF88-ACED-457E-87E3-7590466B7A48}.Debug|x86.ActiveCfg = Debug|Any CPU
		{82B9BF88-ACED-457E-87E3-7590466B7A48}.Debug|x86.Build.0 = Debug|Any CPU
		{82B9BF88-ACED-457E-87E3-7590466B7A48}.Release|Any CPU.ActiveCfg = Release|Any CPU
		{82B9BF88-ACED-457E-87E3-7590466B7A48}.Release|Any CPU.Build.0 = Release|Any CPU
		{82B9BF88-ACED-457E-87E3-7590466B7A48}.Release|x64.ActiveCfg = Release|Any CPU
		{82B9BF88-ACED-457E-87E3-7590466B7A48}.Release|x64.Build.0 = Release|Any CPU
		{82B9BF88-ACED-457E-87E3-7590466B7A48}.Release|x86.ActiveCfg = Release|Any CPU
		{82B9BF88-ACED-457E-87E3-7590466B7A48}.Release|x86.Build.0 = Release|Any CPU
		{09499C33-D59D-4DD1-B2C8-ED8B83DA6728}.Debug|Any CPU.ActiveCfg = Debug|Any CPU
		{09499C33-D59D-4DD1-B2C8-ED8B83DA6728}.Debug|Any CPU.Build.0 = Debug|Any CPU
		{09499C33-D59D-4DD1-B2C8-ED8B83DA6728}.Debug|x64.ActiveCfg = Debug|Any CPU
		{09499C33-D59D-4DD1-B2C8-ED8B83DA6728}.Debug|x64.Build.0 = Debug|Any CPU
		{09499C33-D59D-4DD1-B2C8-ED8B83DA6728}.Debug|x86.ActiveCfg = Debug|Any CPU
		{09499C33-D59D-4DD1-B2C8-ED8B83DA6728}.Debug|x86.Build.0 = Debug|Any CPU
		{09499C33-D59D-4DD1-B2C8-ED8B83DA6728}.Release|Any CPU.ActiveCfg = Release|Any CPU
		{09499C33-D59D-4DD1-B2C8-ED8B83DA6728}.Release|Any CPU.Build.0 = Release|Any CPU
		{09499C33-D59D-4DD1-B2C8-ED8B83DA6728}.Release|x64.ActiveCfg = Release|Any CPU
		{09499C33-D59D-4DD1-B2C8-ED8B83DA6728}.Release|x64.Build.0 = Release|Any CPU
		{09499C33-D59D-4DD1-B2C8-ED8B83DA6728}.Release|x86.ActiveCfg = Release|Any CPU
		{09499C33-D59D-4DD1-B2C8-ED8B83DA6728}.Release|x86.Build.0 = Release|Any CPU
		{4A4CE94C-9F93-4F5C-81F1-445137B7DF11}.Debug|Any CPU.ActiveCfg = Debug|Any CPU
		{4A4CE94C-9F93-4F5C-81F1-445137B7DF11}.Debug|Any CPU.Build.0 = Debug|Any CPU
		{4A4CE94C-9F93-4F5C-81F1-445137B7DF11}.Debug|x64.ActiveCfg = Debug|Any CPU
		{4A4CE94C-9F93-4F5C-81F1-445137B7DF11}.Debug|x64.Build.0 = Debug|Any CPU
		{4A4CE94C-9F93-4F5C-81F1-445137B7DF11}.Debug|x86.ActiveCfg = Debug|Any CPU
		{4A4CE94C-9F93-4F5C-81F1-445137B7DF11}.Debug|x86.Build.0 = Debug|Any CPU
		{4A4CE94C-9F93-4F5C-81F1-445137B7DF11}.Release|Any CPU.ActiveCfg = Release|Any CPU
		{4A4CE94C-9F93-4F5C-81F1-445137B7DF11}.Release|Any CPU.Build.0 = Release|Any CPU
		{4A4CE94C-9F93-4F5C-81F1-445137B7DF11}.Release|x64.ActiveCfg = Release|Any CPU
		{4A4CE94C-9F93-4F5C-81F1-445137B7DF11}.Release|x64.Build.0 = Release|Any CPU
		{4A4CE94C-9F93-4F5C-81F1-445137B7DF11}.Release|x86.ActiveCfg = Release|Any CPU
		{4A4CE94C-9F93-4F5C-81F1-445137B7DF11}.Release|x86.Build.0 = Release|Any CPU
		{4DF24072-3511-4DA7-97AC-04788FFAD4E8}.Debug|Any CPU.ActiveCfg = Debug|Any CPU
		{4DF24072-3511-4DA7-97AC-04788FFAD4E8}.Debug|Any CPU.Build.0 = Debug|Any CPU
		{4DF24072-3511-4DA7-97AC-04788FFAD4E8}.Debug|x64.ActiveCfg = Debug|Any CPU
		{4DF24072-3511-4DA7-97AC-04788FFAD4E8}.Debug|x64.Build.0 = Debug|Any CPU
		{4DF24072-3511-4DA7-97AC-04788FFAD4E8}.Debug|x86.ActiveCfg = Debug|Any CPU
		{4DF24072-3511-4DA7-97AC-04788FFAD4E8}.Debug|x86.Build.0 = Debug|Any CPU
		{4DF24072-3511-4DA7-97AC-04788FFAD4E8}.Release|Any CPU.ActiveCfg = Release|Any CPU
		{4DF24072-3511-4DA7-97AC-04788FFAD4E8}.Release|Any CPU.Build.0 = Release|Any CPU
		{4DF24072-3511-4DA7-97AC-04788FFAD4E8}.Release|x64.ActiveCfg = Release|Any CPU
		{4DF24072-3511-4DA7-97AC-04788FFAD4E8}.Release|x64.Build.0 = Release|Any CPU
		{4DF24072-3511-4DA7-97AC-04788FFAD4E8}.Release|x86.ActiveCfg = Release|Any CPU
		{4DF24072-3511-4DA7-97AC-04788FFAD4E8}.Release|x86.Build.0 = Release|Any CPU
		{EC5C0DB1-6051-4F99-9706-6AA34A0B0A72}.Debug|Any CPU.ActiveCfg = Debug|Any CPU
		{EC5C0DB1-6051-4F99-9706-6AA34A0B0A72}.Debug|Any CPU.Build.0 = Debug|Any CPU
		{EC5C0DB1-6051-4F99-9706-6AA34A0B0A72}.Debug|x64.ActiveCfg = Debug|Any CPU
		{EC5C0DB1-6051-4F99-9706-6AA34A0B0A72}.Debug|x64.Build.0 = Debug|Any CPU
		{EC5C0DB1-6051-4F99-9706-6AA34A0B0A72}.Debug|x86.ActiveCfg = Debug|Any CPU
		{EC5C0DB1-6051-4F99-9706-6AA34A0B0A72}.Debug|x86.Build.0 = Debug|Any CPU
		{EC5C0DB1-6051-4F99-9706-6AA34A0B0A72}.Release|Any CPU.ActiveCfg = Release|Any CPU
		{EC5C0DB1-6051-4F99-9706-6AA34A0B0A72}.Release|Any CPU.Build.0 = Release|Any CPU
		{EC5C0DB1-6051-4F99-9706-6AA34A0B0A72}.Release|x64.ActiveCfg = Release|Any CPU
		{EC5C0DB1-6051-4F99-9706-6AA34A0B0A72}.Release|x64.Build.0 = Release|Any CPU
		{EC5C0DB1-6051-4F99-9706-6AA34A0B0A72}.Release|x86.ActiveCfg = Release|Any CPU
		{EC5C0DB1-6051-4F99-9706-6AA34A0B0A72}.Release|x86.Build.0 = Release|Any CPU
	EndGlobalSection
	GlobalSection(SolutionProperties) = preSolution
		HideSolutionNode = FALSE
	EndGlobalSection
	GlobalSection(NestedProjects) = preSolution
		{09499C33-D59D-4DD1-B2C8-ED8B83DA6728} = {BECCB611-C943-45DD-BD66-726B7FAF0773}
		{4A4CE94C-9F93-4F5C-81F1-445137B7DF11} = {BECCB611-C943-45DD-BD66-726B7FAF0773}
	EndGlobalSection
EndGlobal
